// !$*UTF8*$!
{
	archiveVersion = 1;
	classes = {
	};
	objectVersion = 46;
	objects = {

/* Begin PBXBuildFile section */
		8A8ECADD19043C5800BC3DAD /* Foundation.framework in Frameworks */ = {isa = PBXBuildFile; fileRef = 8A8ECADC19043C5800BC3DAD /* Foundation.framework */; };
		8A8ECADF19043C5800BC3DAD /* CoreGraphics.framework in Frameworks */ = {isa = PBXBuildFile; fileRef = 8A8ECADE19043C5800BC3DAD /* CoreGraphics.framework */; };
		8A8ECAE119043C5800BC3DAD /* UIKit.framework in Frameworks */ = {isa = PBXBuildFile; fileRef = 8A8ECAE019043C5800BC3DAD /* UIKit.framework */; };
		8A8ECAE719043C5800BC3DAD /* InfoPlist.strings in Resources */ = {isa = PBXBuildFile; fileRef = 8A8ECAE519043C5800BC3DAD /* InfoPlist.strings */; };
		8A8ECAE919043C5800BC3DAD /* main.m in Sources */ = {isa = PBXBuildFile; fileRef = 8A8ECAE819043C5800BC3DAD /* main.m */; };
		8A8ECAED19043C5800BC3DAD /* AppDelegate.m in Sources */ = {isa = PBXBuildFile; fileRef = 8A8ECAEC19043C5800BC3DAD /* AppDelegate.m */; };
		8A8ECAEF19043C5800BC3DAD /* Images.xcassets in Resources */ = {isa = PBXBuildFile; fileRef = 8A8ECAEE19043C5800BC3DAD /* Images.xcassets */; };
		8A8ECAF619043C5800BC3DAD /* XCTest.framework in Frameworks */ = {isa = PBXBuildFile; fileRef = 8A8ECAF519043C5800BC3DAD /* XCTest.framework */; };
		8A8ECAF719043C5800BC3DAD /* Foundation.framework in Frameworks */ = {isa = PBXBuildFile; fileRef = 8A8ECADC19043C5800BC3DAD /* Foundation.framework */; };
		8A8ECAF819043C5800BC3DAD /* UIKit.framework in Frameworks */ = {isa = PBXBuildFile; fileRef = 8A8ECAE019043C5800BC3DAD /* UIKit.framework */; };
		8A8ECB0019043C5800BC3DAD /* InfoPlist.strings in Resources */ = {isa = PBXBuildFile; fileRef = 8A8ECAFE19043C5800BC3DAD /* InfoPlist.strings */; };
		8A8ECB0219043C5800BC3DAD /* LupusTests.m in Sources */ = {isa = PBXBuildFile; fileRef = 8A8ECB0119043C5800BC3DAD /* LupusTests.m */; };
/* End PBXBuildFile section */

/* Begin PBXContainerItemProxy section */
		8A8ECAF919043C5800BC3DAD /* PBXContainerItemProxy */ = {
			isa = PBXContainerItemProxy;
			containerPortal = 8A8ECAD119043C5700BC3DAD /* Project object */;
			proxyType = 1;
			remoteGlobalIDString = 8A8ECAD819043C5700BC3DAD;
			remoteInfo = Lupus;
		};
/* End PBXContainerItemProxy section */

/* Begin PBXFileReference section */
		8A8ECAD919043C5800BC3DAD /* Lupus.app */ = {isa = PBXFileReference; explicitFileType = wrapper.application; includeInIndex = 0; path = Lupus.app; sourceTree = BUILT_PRODUCTS_DIR; };
		8A8ECADC19043C5800BC3DAD /* Foundation.framework */ = {isa = PBXFileReference; lastKnownFileType = wrapper.framework; name = Foundation.framework; path = System/Library/Frameworks/Foundation.framework; sourceTree = SDKROOT; };
		8A8ECADE19043C5800BC3DAD /* CoreGraphics.framework */ = {isa = PBXFileReference; lastKnownFileType = wrapper.framework; name = CoreGraphics.framework; path = System/Library/Frameworks/CoreGraphics.framework; sourceTree = SDKROOT; };
		8A8ECAE019043C5800BC3DAD /* UIKit.framework */ = {isa = PBXFileReference; lastKnownFileType = wrapper.framework; name = UIKit.framework; path = System/Library/Frameworks/UIKit.framework; sourceTree = SDKROOT; };
		8A8ECAE419043C5800BC3DAD /* Lupus-Info.plist */ = {isa = PBXFileReference; lastKnownFileType = text.plist.xml; path = "Lupus-Info.plist"; sourceTree = "<group>"; };
		8A8ECAE619043C5800BC3DAD /* en */ = {isa = PBXFileReference; lastKnownFileType = text.plist.strings; name = en; path = en.lproj/InfoPlist.strings; sourceTree = "<group>"; };
		8A8ECAE819043C5800BC3DAD /* main.m */ = {isa = PBXFileReference; lastKnownFileType = sourcecode.c.objc; path = main.m; sourceTree = "<group>"; };
		8A8ECAEA19043C5800BC3DAD /* Lupus-Prefix.pch */ = {isa = PBXFileReference; lastKnownFileType = sourcecode.c.h; path = "Lupus-Prefix.pch"; sourceTree = "<group>"; };
		8A8ECAEB19043C5800BC3DAD /* AppDelegate.h */ = {isa = PBXFileReference; lastKnownFileType = sourcecode.c.h; path = AppDelegate.h; sourceTree = "<group>"; };
		8A8ECAEC19043C5800BC3DAD /* AppDelegate.m */ = {isa = PBXFileReference; lastKnownFileType = sourcecode.c.objc; path = AppDelegate.m; sourceTree = "<group>"; };
		8A8ECAEE19043C5800BC3DAD /* Images.xcassets */ = {isa = PBXFileReference; lastKnownFileType = folder.assetcatalog; path = Images.xcassets; sourceTree = "<group>"; };
		8A8ECAF419043C5800BC3DAD /* LupusTests.xctest */ = {isa = PBXFileReference; explicitFileType = wrapper.cfbundle; includeInIndex = 0; path = LupusTests.xctest; sourceTree = BUILT_PRODUCTS_DIR; };
		8A8ECAF519043C5800BC3DAD /* XCTest.framework */ = {isa = PBXFileReference; lastKnownFileType = wrapper.framework; name = XCTest.framework; path = Library/Frameworks/XCTest.framework; sourceTree = DEVELOPER_DIR; };
		8A8ECAFD19043C5800BC3DAD /* LupusTests-Info.plist */ = {isa = PBXFileReference; lastKnownFileType = text.plist.xml; path = "LupusTests-Info.plist"; sourceTree = "<group>"; };
		8A8ECAFF19043C5800BC3DAD /* en */ = {isa = PBXFileReference; lastKnownFileType = text.plist.strings; name = en; path = en.lproj/InfoPlist.strings; sourceTree = "<group>"; };
		8A8ECB0119043C5800BC3DAD /* LupusTests.m */ = {isa = PBXFileReference; lastKnownFileType = sourcecode.c.objc; path = LupusTests.m; sourceTree = "<group>"; };
/* End PBXFileReference section */

/* Begin PBXFrameworksBuildPhase section */
		8A8ECAD619043C5700BC3DAD /* Frameworks */ = {
			isa = PBXFrameworksBuildPhase;
			buildActionMask = 2147483647;
			files = (
				8A8ECADF19043C5800BC3DAD /* CoreGraphics.framework in Frameworks */,
				8A8ECAE119043C5800BC3DAD /* UIKit.framework in Frameworks */,
				8A8ECADD19043C5800BC3DAD /* Foundation.framework in Frameworks */,
			);
			runOnlyForDeploymentPostprocessing = 0;
		};
		8A8ECAF119043C5800BC3DAD /* Frameworks */ = {
			isa = PBXFrameworksBuildPhase;
			buildActionMask = 2147483647;
			files = (
				8A8ECAF619043C5800BC3DAD /* XCTest.framework in Frameworks */,
				8A8ECAF819043C5800BC3DAD /* UIKit.framework in Frameworks */,
				8A8ECAF719043C5800BC3DAD /* Foundation.framework in Frameworks */,
			);
			runOnlyForDeploymentPostprocessing = 0;
		};
/* End PBXFrameworksBuildPhase section */

/* Begin PBXGroup section */
		8A8ECAD019043C5700BC3DAD = {
			isa = PBXGroup;
			children = (
				8A8ECAE219043C5800BC3DAD /* Lupus */,
				8A8ECAFB19043C5800BC3DAD /* LupusTests */,
				8A8ECADB19043C5800BC3DAD /* Frameworks */,
				8A8ECADA19043C5800BC3DAD /* Products */,
			);
			sourceTree = "<group>";
		};
		8A8ECADA19043C5800BC3DAD /* Products */ = {
			isa = PBXGroup;
			children = (
				8A8ECAD919043C5800BC3DAD /* Lupus.app */,
				8A8ECAF419043C5800BC3DAD /* LupusTests.xctest */,
			);
			name = Products;
			sourceTree = "<group>";
		};
		8A8ECADB19043C5800BC3DAD /* Frameworks */ = {
			isa = PBXGroup;
			children = (
				8A8ECADC19043C5800BC3DAD /* Foundation.framework */,
				8A8ECADE19043C5800BC3DAD /* CoreGraphics.framework */,
				8A8ECAE019043C5800BC3DAD /* UIKit.framework */,
				8A8ECAF519043C5800BC3DAD /* XCTest.framework */,
			);
			name = Frameworks;
			sourceTree = "<group>";
		};
		8A8ECAE219043C5800BC3DAD /* Lupus */ = {
			isa = PBXGroup;
			children = (
				8A8ECAEB19043C5800BC3DAD /* AppDelegate.h */,
				8A8ECAEC19043C5800BC3DAD /* AppDelegate.m */,
				8A8ECAEE19043C5800BC3DAD /* Images.xcassets */,
				8A8ECAE319043C5800BC3DAD /* Supporting Files */,
			);
			path = Lupus;
			sourceTree = "<group>";
		};
		8A8ECAE319043C5800BC3DAD /* Supporting Files */ = {
			isa = PBXGroup;
			children = (
				8A8ECAE419043C5800BC3DAD /* Lupus-Info.plist */,
				8A8ECAE519043C5800BC3DAD /* InfoPlist.strings */,
				8A8ECAE819043C5800BC3DAD /* main.m */,
				8A8ECAEA19043C5800BC3DAD /* Lupus-Prefix.pch */,
			);
			name = "Supporting Files";
			sourceTree = "<group>";
		};
		8A8ECAFB19043C5800BC3DAD /* LupusTests */ = {
			isa = PBXGroup;
			children = (
				8A8ECB0119043C5800BC3DAD /* LupusTests.m */,
				8A8ECAFC19043C5800BC3DAD /* Supporting Files */,
			);
			path = LupusTests;
			sourceTree = "<group>";
		};
		8A8ECAFC19043C5800BC3DAD /* Supporting Files */ = {
			isa = PBXGroup;
			children = (
				8A8ECAFD19043C5800BC3DAD /* LupusTests-Info.plist */,
				8A8ECAFE19043C5800BC3DAD /* InfoPlist.strings */,
			);
			name = "Supporting Files";
			sourceTree = "<group>";
		};
/* End PBXGroup section */

/* Begin PBXNativeTarget section */
		8A8ECAD819043C5700BC3DAD /* Lupus */ = {
			isa = PBXNativeTarget;
			buildConfigurationList = 8A8ECB0519043C5800BC3DAD /* Build configuration list for PBXNativeTarget "Lupus" */;
			buildPhases = (
				8A8ECAD519043C5700BC3DAD /* Sources */,
				8A8ECAD619043C5700BC3DAD /* Frameworks */,
				8A8ECAD719043C5700BC3DAD /* Resources */,
			);
			buildRules = (
			);
			dependencies = (
			);
			name = Lupus;
			productName = Lupus;
			productReference = 8A8ECAD919043C5800BC3DAD /* Lupus.app */;
			productType = "com.apple.product-type.application";
		};
		8A8ECAF319043C5800BC3DAD /* LupusTests */ = {
			isa = PBXNativeTarget;
			buildConfigurationList = 8A8ECB0819043C5800BC3DAD /* Build configuration list for PBXNativeTarget "LupusTests" */;
			buildPhases = (
				8A8ECAF019043C5800BC3DAD /* Sources */,
				8A8ECAF119043C5800BC3DAD /* Frameworks */,
				8A8ECAF219043C5800BC3DAD /* Resources */,
			);
			buildRules = (
			);
			dependencies = (
				8A8ECAFA19043C5800BC3DAD /* PBXTargetDependency */,
			);
			name = LupusTests;
			productName = LupusTests;
			productReference = 8A8ECAF419043C5800BC3DAD /* LupusTests.xctest */;
			productType = "com.apple.product-type.bundle.unit-test";
		};
/* End PBXNativeTarget section */

/* Begin PBXProject section */
		8A8ECAD119043C5700BC3DAD /* Project object */ = {
			isa = PBXProject;
			attributes = {
				LastUpgradeCheck = 0510;
				ORGANIZATIONNAME = "Nicola Ferruzzi";
				TargetAttributes = {
					8A8ECAF319043C5800BC3DAD = {
						TestTargetID = 8A8ECAD819043C5700BC3DAD;
					};
				};
			};
			buildConfigurationList = 8A8ECAD419043C5700BC3DAD /* Build configuration list for PBXProject "Lupus" */;
			compatibilityVersion = "Xcode 3.2";
			developmentRegion = English;
			hasScannedForEncodings = 0;
			knownRegions = (
				en,
			);
			mainGroup = 8A8ECAD019043C5700BC3DAD;
			productRefGroup = 8A8ECADA19043C5800BC3DAD /* Products */;
			projectDirPath = "";
			projectRoot = "";
			targets = (
				8A8ECAD819043C5700BC3DAD /* Lupus */,
				8A8ECAF319043C5800BC3DAD /* LupusTests */,
			);
		};
/* End PBXProject section */

/* Begin PBXResourcesBuildPhase section */
		8A8ECAD719043C5700BC3DAD /* Resources */ = {
			isa = PBXResourcesBuildPhase;
			buildActionMask = 2147483647;
			files = (
				8A8ECAE719043C5800BC3DAD /* InfoPlist.strings in Resources */,
				8A8ECAEF19043C5800BC3DAD /* Images.xcassets in Resources */,
			);
			runOnlyForDeploymentPostprocessing = 0;
		};
		8A8ECAF219043C5800BC3DAD /* Resources */ = {
			isa = PBXResourcesBuildPhase;
			buildActionMask = 2147483647;
			files = (
				8A8ECB0019043C5800BC3DAD /* InfoPlist.strings in Resources */,
			);
			runOnlyForDeploymentPostprocessing = 0;
		};
/* End PBXResourcesBuildPhase section */

/* Begin PBXSourcesBuildPhase section */
		8A8ECAD519043C5700BC3DAD /* Sources */ = {
			isa = PBXSourcesBuildPhase;
			buildActionMask = 2147483647;
			files = (
				8A8ECAED19043C5800BC3DAD /* AppDelegate.m in Sources */,
				8A8ECAE919043C5800BC3DAD /* main.m in Sources */,
			);
			runOnlyForDeploymentPostprocessing = 0;
		};
		8A8ECAF019043C5800BC3DAD /* Sources */ = {
			isa = PBXSourcesBuildPhase;
			buildActionMask = 2147483647;
			files = (
				8A8ECB0219043C5800BC3DAD /* LupusTests.m in Sources */,
			);
			runOnlyForDeploymentPostprocessing = 0;
		};
/* End PBXSourcesBuildPhase section */

/* Begin PBXTargetDependency section */
		8A8ECAFA19043C5800BC3DAD /* PBXTargetDependency */ = {
			isa = PBXTargetDependency;
			target = 8A8ECAD819043C5700BC3DAD /* Lupus */;
			targetProxy = 8A8ECAF919043C5800BC3DAD /* PBXContainerItemProxy */;
		};
/* End PBXTargetDependency section */

/* Begin PBXVariantGroup section */
		8A8ECAE519043C5800BC3DAD /* InfoPlist.strings */ = {
			isa = PBXVariantGroup;
			children = (
				8A8ECAE619043C5800BC3DAD /* en */,
			);
			name = InfoPlist.strings;
			sourceTree = "<group>";
		};
		8A8ECAFE19043C5800BC3DAD /* InfoPlist.strings */ = {
			isa = PBXVariantGroup;
			children = (
				8A8ECAFF19043C5800BC3DAD /* en */,
			);
			name = InfoPlist.strings;
			sourceTree = "<group>";
		};
/* End PBXVariantGroup section */

/* Begin XCBuildConfiguration section */
		8A8ECB0319043C5800BC3DAD /* Debug */ = {
			isa = XCBuildConfiguration;
			buildSettings = {
				ALWAYS_SEARCH_USER_PATHS = NO;
				CLANG_CXX_LANGUAGE_STANDARD = "gnu++0x";
				CLANG_CXX_LIBRARY = "libc++";
				CLANG_ENABLE_MODULES = YES;
				CLANG_ENABLE_OBJC_ARC = YES;
				CLANG_WARN_BOOL_CONVERSION = YES;
				CLANG_WARN_CONSTANT_CONVERSION = YES;
				CLANG_WARN_DIRECT_OBJC_ISA_USAGE = YES_ERROR;
				CLANG_WARN_EMPTY_BODY = YES;
				CLANG_WARN_ENUM_CONVERSION = YES;
				CLANG_WARN_INT_CONVERSION = YES;
				CLANG_WARN_OBJC_ROOT_CLASS = YES_ERROR;
				CLANG_WARN__DUPLICATE_METHOD_MATCH = YES;
				"CODE_SIGN_IDENTITY[sdk=iphoneos*]" = "iPhone Developer";
				COPY_PHASE_STRIP = NO;
				GCC_C_LANGUAGE_STANDARD = gnu99;
				GCC_DYNAMIC_NO_PIC = NO;
				GCC_OPTIMIZATION_LEVEL = 0;
				GCC_PREPROCESSOR_DEFINITIONS = (
					"DEBUG=1",
					"$(inherited)",
				);
				GCC_SYMBOLS_PRIVATE_EXTERN = NO;
				GCC_WARN_64_TO_32_BIT_CONVERSION = YES;
				GCC_WARN_ABOUT_RETURN_TYPE = YES_ERROR;
				GCC_WARN_UNDECLARED_SELECTOR = YES;
				GCC_WARN_UNINITIALIZED_AUTOS = YES_AGGRESSIVE;
				GCC_WARN_UNUSED_FUNCTION = YES;
				GCC_WARN_UNUSED_VARIABLE = YES;
				IPHONEOS_DEPLOYMENT_TARGET = 7.1;
				ONLY_ACTIVE_ARCH = YES;
				SDKROOT = iphoneos;
			};
			name = Debug;
		};
		8A8ECB0419043C5800BC3DAD /* Release */ = {
			isa = XCBuildConfiguration;
			buildSettings = {
				ALWAYS_SEARCH_USER_PATHS = NO;
				CLANG_CXX_LANGUAGE_STANDARD = "gnu++0x";
				CLANG_CXX_LIBRARY = "libc++";
				CLANG_ENABLE_MODULES = YES;
				CLANG_ENABLE_OBJC_ARC = YES;
				CLANG_WARN_BOOL_CONVERSION = YES;
				CLANG_WARN_CONSTANT_CONVERSION = YES;
				CLANG_WARN_DIRECT_OBJC_ISA_USAGE = YES_ERROR;
				CLANG_WARN_EMPTY_BODY = YES;
				CLANG_WARN_ENUM_CONVERSION = YES;
				CLANG_WARN_INT_CONVERSION = YES;
				CLANG_WARN_OBJC_ROOT_CLASS = YES_ERROR;
				CLANG_WARN__DUPLICATE_METHOD_MATCH = YES;
				"CODE_SIGN_IDENTITY[sdk=iphoneos*]" = "iPhone Developer";
				COPY_PHASE_STRIP = YES;
				ENABLE_NS_ASSERTIONS = NO;
				GCC_C_LANGUAGE_STANDARD = gnu99;
				GCC_WARN_64_TO_32_BIT_CONVERSION = YES;
				GCC_WARN_ABOUT_RETURN_TYPE = YES_ERROR;
				GCC_WARN_UNDECLARED_SELECTOR = YES;
				GCC_WARN_UNINITIALIZED_AUTOS = YES_AGGRESSIVE;
				GCC_WARN_UNUSED_FUNCTION = YES;
				GCC_WARN_UNUSED_VARIABLE = YES;
				IPHONEOS_DEPLOYMENT_TARGET = 7.1;
				SDKROOT = iphoneos;
				VALIDATE_PRODUCT = YES;
			};
			name = Release;
		};
		8A8ECB0619043C5800BC3DAD /* Debug */ = {
			isa = XCBuildConfiguration;
			buildSettings = {
				ASSETCATALOG_COMPILER_APPICON_NAME = AppIcon;
				ASSETCATALOG_COMPILER_LAUNCHIMAGE_NAME = LaunchImage;
				GCC_PRECOMPILE_PREFIX_HEADER = YES;
				GCC_PREFIX_HEADER = "Lupus/Lupus-Prefix.pch";
				INFOPLIST_FILE = "Lupus/Lupus-Info.plist";
				PRODUCT_NAME = "$(TARGET_NAME)";
				WRAPPER_EXTENSION = app;
			};
			name = Debug;
		};
		8A8ECB0719043C5800BC3DAD /* Release */ = {
			isa = XCBuildConfiguration;
			buildSettings = {
				ASSETCATALOG_COMPILER_APPICON_NAME = AppIcon;
				ASSETCATALOG_COMPILER_LAUNCHIMAGE_NAME = LaunchImage;
				GCC_PRECOMPILE_PREFIX_HEADER = YES;
				GCC_PREFIX_HEADER = "Lupus/Lupus-Prefix.pch";
				INFOPLIST_FILE = "Lupus/Lupus-Info.plist";
				PRODUCT_NAME = "$(TARGET_NAME)";
				WRAPPER_EXTENSION = app;
			};
			name = Release;
		};
		8A8ECB0919043C5800BC3DAD /* Debug */ = {
			isa = XCBuildConfiguration;
			buildSettings = {
				BUNDLE_LOADER = "$(BUILT_PRODUCTS_DIR)/Lupus.app/Lupus";
				FRAMEWORK_SEARCH_PATHS = (
					"$(SDKROOT)/Developer/Library/Frameworks",
					"$(inherited)",
					"$(DEVELOPER_FRAMEWORKS_DIR)",
				);
				GCC_PRECOMPILE_PREFIX_HEADER = YES;
				GCC_PREFIX_HEADER = "Lupus/Lupus-Prefix.pch";
				GCC_PREPROCESSOR_DEFINITIONS = (
					"DEBUG=1",
					"$(inherited)",
				);
				INFOPLIST_FILE = "LupusTests/LupusTests-Info.plist";
				PRODUCT_NAME = "$(TARGET_NAME)";
				TEST_HOST = "$(BUNDLE_LOADER)";
				WRAPPER_EXTENSION = xctest;
			};
			name = Debug;
		};
		8A8ECB0A19043C5800BC3DAD /* Release */ = {
			isa = XCBuildConfiguration;
			buildSettings = {
				BUNDLE_LOADER = "$(BUILT_PRODUCTS_DIR)/Lupus.app/Lupus";
				FRAMEWORK_SEARCH_PATHS = (
					"$(SDKROOT)/Developer/Library/Frameworks",
					"$(inherited)",
					"$(DEVELOPER_FRAMEWORKS_DIR)",
				);
				GCC_PRECOMPILE_PREFIX_HEADER = YES;
				GCC_PREFIX_HEADER = "Lupus/Lupus-Prefix.pch";
				INFOPLIST_FILE = "LupusTests/LupusTests-Info.plist";
				PRODUCT_NAME = "$(TARGET_NAME)";
				TEST_HOST = "$(BUNDLE_LOADER)";
				WRAPPER_EXTENSION = xctest;
			};
			name = Release;
		};
/* End XCBuildConfiguration section */

/* Begin XCConfigurationList section */
		8A8ECAD419043C5700BC3DAD /* Build configuration list for PBXProject "Lupus" */ = {
			isa = XCConfigurationList;
			buildConfigurations = (
				8A8ECB0319043C5800BC3DAD /* Debug */,
				8A8ECB0419043C5800BC3DAD /* Release */,
			);
			defaultConfigurationIsVisible = 0;
			defaultConfigurationName = Release;
		};
		8A8ECB0519043C5800BC3DAD /* Build configuration list for PBXNativeTarget "Lupus" */ = {
			isa = XCConfigurationList;
			buildConfigurations = (
				8A8ECB0619043C5800BC3DAD /* Debug */,
				8A8ECB0719043C5800BC3DAD /* Release */,
			);
			defaultConfigurationIsVisible = 0;
		};
		8A8ECB0819043C5800BC3DAD /* Build configuration list for PBXNativeTarget "LupusTests" */ = {
			isa = XCConfigurationList;
			buildConfigurations = (
				8A8ECB0919043C5800BC3DAD /* Debug */,
				8A8ECB0A19043C5800BC3DAD /* Release */,
			);
			defaultConfigurationIsVisible = 0;
		};
/* End XCConfigurationList section */
	};
	rootObject = 8A8ECAD119043C5700BC3DAD /* Project object */;
}
